// !$*UTF8*$!
{
	archiveVersion = 1;
	classes = {
	};
	objectVersion = 56;
	objects = {

/* Begin PBXBuildFile section */
		5ED5DD2D2C10B262007CB61B /* passeApp.swift in Sources */ = {isa = PBXBuildFile; fileRef = 5ED5DD2C2C10B262007CB61B /* passeApp.swift */; };
		5ED5DD2F2C10B262007CB61B /* ContentView.swift in Sources */ = {isa = PBXBuildFile; fileRef = 5ED5DD2E2C10B262007CB61B /* ContentView.swift */; };
		5ED5DD312C10B264007CB61B /* Assets.xcassets in Resources */ = {isa = PBXBuildFile; fileRef = 5ED5DD302C10B264007CB61B /* Assets.xcassets */; };
		5ED5DD342C10B264007CB61B /* Preview Assets.xcassets in Resources */ = {isa = PBXBuildFile; fileRef = 5ED5DD332C10B264007CB61B /* Preview Assets.xcassets */; };
		5ED5DD3E2C10B303007CB61B /* spectre.c in Sources */ = {isa = PBXBuildFile; fileRef = 5ED5DD3D2C10B303007CB61B /* spectre.c */; };
		5ED5DD402C10B3CA007CB61B /* SpectreBridge.swift in Sources */ = {isa = PBXBuildFile; fileRef = 5ED5DD3F2C10B3CA007CB61B /* SpectreBridge.swift */; };
/* End PBXBuildFile section */

/* Begin PBXFileReference section */
		5E1EA8812C11032100D810A0 /* passe.entitlements */ = {isa = PBXFileReference; lastKnownFileType = text.plist.entitlements; path = passe.entitlements; sourceTree = "<group>"; };
		5ED5DD292C10B262007CB61B /* passe.app */ = {isa = PBXFileReference; explicitFileType = wrapper.application; includeInIndex = 0; path = passe.app; sourceTree = BUILT_PRODUCTS_DIR; };
		5ED5DD2C2C10B262007CB61B /* passeApp.swift */ = {isa = PBXFileReference; lastKnownFileType = sourcecode.swift; path = passeApp.swift; sourceTree = "<group>"; };
		5ED5DD2E2C10B262007CB61B /* ContentView.swift */ = {isa = PBXFileReference; lastKnownFileType = sourcecode.swift; path = ContentView.swift; sourceTree = "<group>"; };
		5ED5DD302C10B264007CB61B /* Assets.xcassets */ = {isa = PBXFileReference; lastKnownFileType = folder.assetcatalog; path = Assets.xcassets; sourceTree = "<group>"; };
		5ED5DD332C10B264007CB61B /* Preview Assets.xcassets */ = {isa = PBXFileReference; lastKnownFileType = folder.assetcatalog; path = "Preview Assets.xcassets"; sourceTree = "<group>"; };
		5ED5DD3B2C10B303007CB61B /* passe-Bridging-Header.h */ = {isa = PBXFileReference; lastKnownFileType = sourcecode.c.h; path = "passe-Bridging-Header.h"; sourceTree = "<group>"; };
		5ED5DD3C2C10B303007CB61B /* spectre.h */ = {isa = PBXFileReference; fileEncoding = 4; lastKnownFileType = sourcecode.c.h; name = spectre.h; path = libspectre/src/spectre.h; sourceTree = SOURCE_ROOT; };
		5ED5DD3D2C10B303007CB61B /* spectre.c */ = {isa = PBXFileReference; fileEncoding = 4; lastKnownFileType = sourcecode.c.c; name = spectre.c; path = libspectre/src/spectre.c; sourceTree = SOURCE_ROOT; };
		5ED5DD3F2C10B3CA007CB61B /* SpectreBridge.swift */ = {isa = PBXFileReference; lastKnownFileType = sourcecode.swift; path = SpectreBridge.swift; sourceTree = "<group>"; };
/* End PBXFileReference section */

/* Begin PBXFrameworksBuildPhase section */
		5ED5DD262C10B262007CB61B /* Frameworks */ = {
			isa = PBXFrameworksBuildPhase;
			buildActionMask = 2147483647;
			files = (
			);
			runOnlyForDeploymentPostprocessing = 0;
		};
/* End PBXFrameworksBuildPhase section */

/* Begin PBXGroup section */
		5ED5DD202C10B262007CB61B = {
			isa = PBXGroup;
			children = (
				5ED5DD2B2C10B262007CB61B /* passe */,
				5ED5DD2A2C10B262007CB61B /* Products */,
			);
			sourceTree = "<group>";
		};
		5ED5DD2A2C10B262007CB61B /* Products */ = {
			isa = PBXGroup;
			children = (
				5ED5DD292C10B262007CB61B /* passe.app */,
			);
			name = Products;
			sourceTree = "<group>";
		};
		5ED5DD2B2C10B262007CB61B /* passe */ = {
			isa = PBXGroup;
			children = (
				5ED5DD3D2C10B303007CB61B /* spectre.c */,
				5ED5DD3C2C10B303007CB61B /* spectre.h */,
				5ED5DD3B2C10B303007CB61B /* passe-Bridging-Header.h */,
				5ED5DD2C2C10B262007CB61B /* passeApp.swift */,
				5ED5DD3F2C10B3CA007CB61B /* SpectreBridge.swift */,
				5ED5DD2E2C10B262007CB61B /* ContentView.swift */,
				5E1EA8812C11032100D810A0 /* passe.entitlements */,
				5ED5DD302C10B264007CB61B /* Assets.xcassets */,
				5ED5DD322C10B264007CB61B /* Preview Content */,
			);
			path = passe;
			sourceTree = "<group>";
		};
		5ED5DD322C10B264007CB61B /* Preview Content */ = {
			isa = PBXGroup;
			children = (
				5ED5DD332C10B264007CB61B /* Preview Assets.xcassets */,
			);
			path = "Preview Content";
			sourceTree = "<group>";
		};
/* End PBXGroup section */

/* Begin PBXNativeTarget section */
		5ED5DD282C10B262007CB61B /* passe */ = {
			isa = PBXNativeTarget;
			buildConfigurationList = 5ED5DD382C10B264007CB61B /* Build configuration list for PBXNativeTarget "passe" */;
			buildPhases = (
				5ED5DD252C10B262007CB61B /* Sources */,
				5ED5DD262C10B262007CB61B /* Frameworks */,
				5ED5DD272C10B262007CB61B /* Resources */,
			);
			buildRules = (
			);
			dependencies = (
			);
			name = passe;
			productName = passe;
			productReference = 5ED5DD292C10B262007CB61B /* passe.app */;
			productType = "com.apple.product-type.application";
		};
/* End PBXNativeTarget section */

/* Begin PBXProject section */
		5ED5DD212C10B262007CB61B /* Project object */ = {
			isa = PBXProject;
			attributes = {
				BuildIndependentTargetsInParallel = 1;
				LastSwiftUpdateCheck = 1540;
				LastUpgradeCheck = 1540;
				TargetAttributes = {
					5ED5DD282C10B262007CB61B = {
						CreatedOnToolsVersion = 15.4;
						LastSwiftMigration = 1540;
					};
				};
			};
			buildConfigurationList = 5ED5DD242C10B262007CB61B /* Build configuration list for PBXProject "passe" */;
			compatibilityVersion = "Xcode 14.0";
			developmentRegion = en;
			hasScannedForEncodings = 0;
			knownRegions = (
				en,
				Base,
			);
			mainGroup = 5ED5DD202C10B262007CB61B;
			productRefGroup = 5ED5DD2A2C10B262007CB61B /* Products */;
			projectDirPath = "";
			projectRoot = "";
			targets = (
				5ED5DD282C10B262007CB61B /* passe */,
			);
		};
/* End PBXProject section */

/* Begin PBXResourcesBuildPhase section */
		5ED5DD272C10B262007CB61B /* Resources */ = {
			isa = PBXResourcesBuildPhase;
			buildActionMask = 2147483647;
			files = (
				5ED5DD342C10B264007CB61B /* Preview Assets.xcassets in Resources */,
				5ED5DD312C10B264007CB61B /* Assets.xcassets in Resources */,
			);
			runOnlyForDeploymentPostprocessing = 0;
		};
/* End PBXResourcesBuildPhase section */

/* Begin PBXSourcesBuildPhase section */
		5ED5DD252C10B262007CB61B /* Sources */ = {
			isa = PBXSourcesBuildPhase;
			buildActionMask = 2147483647;
			files = (
				5ED5DD2F2C10B262007CB61B /* ContentView.swift in Sources */,
				5ED5DD3E2C10B303007CB61B /* spectre.c in Sources */,
				5ED5DD402C10B3CA007CB61B /* SpectreBridge.swift in Sources */,
				5ED5DD2D2C10B262007CB61B /* passeApp.swift in Sources */,
			);
			runOnlyForDeploymentPostprocessing = 0;
		};
/* End PBXSourcesBuildPhase section */

/* Begin XCBuildConfiguration section */
		5ED5DD362C10B264007CB61B /* Debug */ = {
			isa = XCBuildConfiguration;
			buildSettings = {
				ALWAYS_SEARCH_USER_PATHS = NO;
				ASSETCATALOG_COMPILER_GENERATE_SWIFT_ASSET_SYMBOL_EXTENSIONS = YES;
				CLANG_ANALYZER_NONNULL = YES;
				CLANG_ANALYZER_NUMBER_OBJECT_CONVERSION = YES_AGGRESSIVE;
				CLANG_CXX_LANGUAGE_STANDARD = "gnu++20";
				CLANG_ENABLE_MODULES = YES;
				CLANG_ENABLE_OBJC_ARC = YES;
				CLANG_ENABLE_OBJC_WEAK = YES;
				CLANG_WARN_BLOCK_CAPTURE_AUTORELEASING = YES;
				CLANG_WARN_BOOL_CONVERSION = YES;
				CLANG_WARN_COMMA = YES;
				CLANG_WARN_CONSTANT_CONVERSION = YES;
				CLANG_WARN_DEPRECATED_OBJC_IMPLEMENTATIONS = YES;
				CLANG_WARN_DIRECT_OBJC_ISA_USAGE = YES_ERROR;
				CLANG_WARN_DOCUMENTATION_COMMENTS = YES;
				CLANG_WARN_EMPTY_BODY = YES;
				CLANG_WARN_ENUM_CONVERSION = YES;
				CLANG_WARN_INFINITE_RECURSION = YES;
				CLANG_WARN_INT_CONVERSION = YES;
				CLANG_WARN_NON_LITERAL_NULL_CONVERSION = YES;
				CLANG_WARN_OBJC_IMPLICIT_RETAIN_SELF = YES;
				CLANG_WARN_OBJC_LITERAL_CONVERSION = YES;
				CLANG_WARN_OBJC_ROOT_CLASS = YES_ERROR;
				CLANG_WARN_QUOTED_INCLUDE_IN_FRAMEWORK_HEADER = YES;
				CLANG_WARN_RANGE_LOOP_ANALYSIS = YES;
				CLANG_WARN_STRICT_PROTOTYPES = YES;
				CLANG_WARN_SUSPICIOUS_MOVE = YES;
				CLANG_WARN_UNGUARDED_AVAILABILITY = YES_AGGRESSIVE;
				CLANG_WARN_UNREACHABLE_CODE = YES;
				CLANG_WARN__DUPLICATE_METHOD_MATCH = YES;
				COPY_PHASE_STRIP = NO;
				DEBUG_INFORMATION_FORMAT = dwarf;
				ENABLE_STRICT_OBJC_MSGSEND = YES;
				ENABLE_TESTABILITY = YES;
				ENABLE_USER_SCRIPT_SANDBOXING = YES;
				GCC_C_LANGUAGE_STANDARD = gnu17;
				GCC_DYNAMIC_NO_PIC = NO;
				GCC_NO_COMMON_BLOCKS = YES;
				GCC_OPTIMIZATION_LEVEL = 0;
				GCC_PREPROCESSOR_DEFINITIONS = (
					"DEBUG=1",
					"$(inherited)",
				);
				GCC_WARN_64_TO_32_BIT_CONVERSION = YES;
				GCC_WARN_ABOUT_RETURN_TYPE = YES_ERROR;
				GCC_WARN_UNDECLARED_SELECTOR = YES;
				GCC_WARN_UNINITIALIZED_AUTOS = YES_AGGRESSIVE;
				GCC_WARN_UNUSED_FUNCTION = YES;
				GCC_WARN_UNUSED_VARIABLE = YES;
				LOCALIZATION_PREFERS_STRING_CATALOGS = YES;
				MACOSX_DEPLOYMENT_TARGET = 14.5;
				MTL_ENABLE_DEBUG_INFO = INCLUDE_SOURCE;
				MTL_FAST_MATH = YES;
				ONLY_ACTIVE_ARCH = YES;
				SDKROOT = macosx;
				SWIFT_ACTIVE_COMPILATION_CONDITIONS = "DEBUG $(inherited)";
				SWIFT_OPTIMIZATION_LEVEL = "-Onone";
			};
			name = Debug;
		};
		5ED5DD372C10B264007CB61B /* Release */ = {
			isa = XCBuildConfiguration;
			buildSettings = {
				ALWAYS_SEARCH_USER_PATHS = NO;
				ASSETCATALOG_COMPILER_GENERATE_SWIFT_ASSET_SYMBOL_EXTENSIONS = YES;
				CLANG_ANALYZER_NONNULL = YES;
				CLANG_ANALYZER_NUMBER_OBJECT_CONVERSION = YES_AGGRESSIVE;
				CLANG_CXX_LANGUAGE_STANDARD = "gnu++20";
				CLANG_ENABLE_MODULES = YES;
				CLANG_ENABLE_OBJC_ARC = YES;
				CLANG_ENABLE_OBJC_WEAK = YES;
				CLANG_WARN_BLOCK_CAPTURE_AUTORELEASING = YES;
				CLANG_WARN_BOOL_CONVERSION = YES;
				CLANG_WARN_COMMA = YES;
				CLANG_WARN_CONSTANT_CONVERSION = YES;
				CLANG_WARN_DEPRECATED_OBJC_IMPLEMENTATIONS = YES;
				CLANG_WARN_DIRECT_OBJC_ISA_USAGE = YES_ERROR;
				CLANG_WARN_DOCUMENTATION_COMMENTS = YES;
				CLANG_WARN_EMPTY_BODY = YES;
				CLANG_WARN_ENUM_CONVERSION = YES;
				CLANG_WARN_INFINITE_RECURSION = YES;
				CLANG_WARN_INT_CONVERSION = YES;
				CLANG_WARN_NON_LITERAL_NULL_CONVERSION = YES;
				CLANG_WARN_OBJC_IMPLICIT_RETAIN_SELF = YES;
				CLANG_WARN_OBJC_LITERAL_CONVERSION = YES;
				CLANG_WARN_OBJC_ROOT_CLASS = YES_ERROR;
				CLANG_WARN_QUOTED_INCLUDE_IN_FRAMEWORK_HEADER = YES;
				CLANG_WARN_RANGE_LOOP_ANALYSIS = YES;
				CLANG_WARN_STRICT_PROTOTYPES = YES;
				CLANG_WARN_SUSPICIOUS_MOVE = YES;
				CLANG_WARN_UNGUARDED_AVAILABILITY = YES_AGGRESSIVE;
				CLANG_WARN_UNREACHABLE_CODE = YES;
				CLANG_WARN__DUPLICATE_METHOD_MATCH = YES;
				COPY_PHASE_STRIP = NO;
				DEBUG_INFORMATION_FORMAT = "dwarf-with-dsym";
				ENABLE_NS_ASSERTIONS = NO;
				ENABLE_STRICT_OBJC_MSGSEND = YES;
				ENABLE_USER_SCRIPT_SANDBOXING = YES;
				GCC_C_LANGUAGE_STANDARD = gnu17;
				GCC_NO_COMMON_BLOCKS = YES;
				GCC_WARN_64_TO_32_BIT_CONVERSION = YES;
				GCC_WARN_ABOUT_RETURN_TYPE = YES_ERROR;
				GCC_WARN_UNDECLARED_SELECTOR = YES;
				GCC_WARN_UNINITIALIZED_AUTOS = YES_AGGRESSIVE;
				GCC_WARN_UNUSED_FUNCTION = YES;
				GCC_WARN_UNUSED_VARIABLE = YES;
				LOCALIZATION_PREFERS_STRING_CATALOGS = YES;
				MACOSX_DEPLOYMENT_TARGET = 14.5;
				MTL_ENABLE_DEBUG_INFO = NO;
				MTL_FAST_MATH = YES;
				SDKROOT = macosx;
				SWIFT_COMPILATION_MODE = wholemodule;
			};
			name = Release;
		};
		5ED5DD392C10B264007CB61B /* Debug */ = {
			isa = XCBuildConfiguration;
			buildSettings = {
				ASSETCATALOG_COMPILER_APPICON_NAME = AppIcon;
				ASSETCATALOG_COMPILER_GLOBAL_ACCENT_COLOR_NAME = AccentColor;
				CLANG_ENABLE_MODULES = YES;
				CODE_SIGN_ENTITLEMENTS = passe/passe.entitlements;
				CODE_SIGN_IDENTITY = "Apple Development";
				"CODE_SIGN_IDENTITY[sdk=macosx*]" = "Apple Development";
				CODE_SIGN_STYLE = Automatic;
				COMBINE_HIDPI_IMAGES = YES;
				CURRENT_PROJECT_VERSION = 1;
				DEVELOPMENT_ASSET_PATHS = "\"passe/Preview Content\"";
				DEVELOPMENT_TEAM = NFQNCB9J9Y;
				ENABLE_HARDENED_RUNTIME = YES;
				ENABLE_PREVIEWS = YES;
				GENERATE_INFOPLIST_FILE = YES;
				INFOPLIST_KEY_NSHumanReadableCopyright = "";
				LD_RUNPATH_SEARCH_PATHS = (
					"$(inherited)",
					"@executable_path/../Frameworks",
				);
				MARKETING_VERSION = 1.0;
				PRODUCT_BUNDLE_IDENTIFIER = com.takeiteasy.passe;
				PRODUCT_NAME = "$(TARGET_NAME)";
				PROVISIONING_PROFILE_SPECIFIER = "";
				SWIFT_EMIT_LOC_STRINGS = YES;
				SWIFT_OBJC_BRIDGING_HEADER = "passe/passe-Bridging-Header.h";
				SWIFT_OPTIMIZATION_LEVEL = "-Onone";
				SWIFT_VERSION = 5.0;
			};
			name = Debug;
		};
		5ED5DD3A2C10B264007CB61B /* Release */ = {
			isa = XCBuildConfiguration;
			buildSettings = {
				ASSETCATALOG_COMPILER_APPICON_NAME = AppIcon;
				ASSETCATALOG_COMPILER_GLOBAL_ACCENT_COLOR_NAME = AccentColor;
				CLANG_ENABLE_MODULES = YES;
				CODE_SIGN_ENTITLEMENTS = passe/passe.entitlements;
				CODE_SIGN_IDENTITY = "Apple Development";
				"CODE_SIGN_IDENTITY[sdk=macosx*]" = "Apple Development";
				CODE_SIGN_STYLE = Automatic;
				COMBINE_HIDPI_IMAGES = YES;
				CURRENT_PROJECT_VERSION = 1;
				DEVELOPMENT_ASSET_PATHS = "\"passe/Preview Content\"";
				DEVELOPMENT_TEAM = NFQNCB9J9Y;
				ENABLE_HARDENED_RUNTIME = YES;
				ENABLE_PREVIEWS = YES;
				GENERATE_INFOPLIST_FILE = YES;
				INFOPLIST_KEY_NSHumanReadableCopyright = "";
				LD_RUNPATH_SEARCH_PATHS = (
					"$(inherited)",
					"@executable_path/../Frameworks",
				);
				MARKETING_VERSION = 1.0;
				PRODUCT_BUNDLE_IDENTIFIER = com.takeiteasy.passe;
				PRODUCT_NAME = "$(TARGET_NAME)";
				PROVISIONING_PROFILE_SPECIFIER = "";
				SWIFT_EMIT_LOC_STRINGS = YES;
				SWIFT_OBJC_BRIDGING_HEADER = "passe/passe-Bridging-Header.h";
				SWIFT_VERSION = 5.0;
			};
			name = Release;
		};
/* End XCBuildConfiguration section */

/* Begin XCConfigurationList section */
		5ED5DD242C10B262007CB61B /* Build configuration list for PBXProject "passe" */ = {
			isa = XCConfigurationList;
			buildConfigurations = (
				5ED5DD362C10B264007CB61B /* Debug */,
				5ED5DD372C10B264007CB61B /* Release */,
			);
			defaultConfigurationIsVisible = 0;
			defaultConfigurationName = Release;
		};
		5ED5DD382C10B264007CB61B /* Build configuration list for PBXNativeTarget "passe" */ = {
			isa = XCConfigurationList;
			buildConfigurations = (
				5ED5DD392C10B264007CB61B /* Debug */,
				5ED5DD3A2C10B264007CB61B /* Release */,
			);
			defaultConfigurationIsVisible = 0;
			defaultConfigurationName = Release;
		};
/* End XCConfigurationList section */
	};
	rootObject = 5ED5DD212C10B262007CB61B /* Project object */;
}
